
Microsoft Visual Studio Solution File, Format Version 12.00
# Visual Studio Version 16
VisualStudioVersion = 16.0.32002.261
MinimumVisualStudioVersion = 10.0.40219.1
Project("{FAE04EC0-301F-11D3-BF4B-00C04F79EFBC}") = "fun_with_arrays", "fun_with_arrays.csproj", "{16E55CA3-3261-404B-BE9F-281AFACB9C09}"
EndProject
Global
	GlobalSection(SolutionConfigurationPlatforms) = preSolution
		Debug|Any CPU = Debug|Any CPU
		Release|Any CPU = Release|Any CPU
	EndGlobalSection
	GlobalSection(ProjectConfigurationPlatforms) = postSolution
		{16E55CA3-3261-404B-BE9F-281AFACB9C09}.Debug|Any CPU.ActiveCfg = Debug|Any CPU
		{16E55CA3-3261-404B-BE9F-281AFACB9C09}.Debug|Any CPU.Build.0 = Debug|Any CPU
		{16E55CA3-3261-404B-BE9F-281AFACB9C09}.Release|Any CPU.ActiveCfg = Release|Any CPU
		{16E55CA3-3261-404B-BE9F-281AFACB9C09}.Release|Any CPU.Build.0 = Release|Any CPU
	EndGlobalSection
	GlobalSection(SolutionProperties) = preSolution
		HideSolutionNode = FALSE
	EndGlobalSection
	GlobalSection(ExtensibilityGlobals) = postSolution
		SolutionGuid = {5E1DDD9E-BAFB-4C8A-87C1-232652CA0764}
	EndGlobalSection
EndGlobal
