
Microsoft Visual Studio Solution File, Format Version 12.00
# Visual Studio Version 16
VisualStudioVersion = 16.0.32002.261
MinimumVisualStudioVersion = 10.0.40219.1
Project("{FAE04EC0-301F-11D3-BF4B-00C04F79EFBC}") = "TryCatch", "TryCatch.csproj", "{5A43F3ED-679F-49B0-91DC-032C8B2CD49E}"
EndProject
Global
	GlobalSection(SolutionConfigurationPlatforms) = preSolution
		Debug|Any CPU = Debug|Any CPU
		Release|Any CPU = Release|Any CPU
	EndGlobalSection
	GlobalSection(ProjectConfigurationPlatforms) = postSolution
		{5A43F3ED-679F-49B0-91DC-032C8B2CD49E}.Debug|Any CPU.ActiveCfg = Debug|Any CPU
		{5A43F3ED-679F-49B0-91DC-032C8B2CD49E}.Debug|Any CPU.Build.0 = Debug|Any CPU
		{5A43F3ED-679F-49B0-91DC-032C8B2CD49E}.Release|Any CPU.ActiveCfg = Release|Any CPU
		{5A43F3ED-679F-49B0-91DC-032C8B2CD49E}.Release|Any CPU.Build.0 = Release|Any CPU
	EndGlobalSection
	GlobalSection(SolutionProperties) = preSolution
		HideSolutionNode = FALSE
	EndGlobalSection
	GlobalSection(ExtensibilityGlobals) = postSolution
		SolutionGuid = {24FC5168-1F29-4ED5-9344-23A78ED96E29}
	EndGlobalSection
EndGlobal
